
Microsoft Visual Studio Solution File, Format Version 12.00
# Visual Studio 15
VisualStudioVersion = 15.0.26724.1
MinimumVisualStudioVersion = 10.0.40219.1
Project("{9A19103F-16F7-4668-BE54-9A1E7A4F7556}") = "DemoPayments", "DemoPayments\DemoPayments.csproj", "{8BA63974-7706-46A9-93B3-CB57905036F2}"
EndProject
Project("{E53339B2-1760-4266-BCC7-CA923CBCF16C}") = "docker-compose", "docker-compose.dcproj", "{1CBF8BEF-BF85-4B7B-A053-1EC2EBBC17A4}"
EndProject
Project("{9A19103F-16F7-4668-BE54-9A1E7A4F7556}") = "Operations", "Opertations\Operations.csproj", "{53EB58F2-70D8-4214-9345-1FB8AD43099A}"
EndProject
Project("{9A19103F-16F7-4668-BE54-9A1E7A4F7556}") = "CQRS", "CQRS\CQRS.csproj", "{804B3203-B62A-48F3-94E7-77883EBDAEFA}"
EndProject
Project("{9A19103F-16F7-4668-BE54-9A1E7A4F7556}") = "Migrations", "Migrations\Migrations.csproj", "{3FD492BC-7495-4BA3-AD71-71869C02421E}"
EndProject
Project("{E24C65DC-7377-472B-9ABA-BC803B73C61A}") = "WebUI", "WebUI\", "{2134CAF8-9E2A-4442-9C31-AC8A5526AFBA}"
	ProjectSection(WebsiteProperties) = preProject
		TargetFrameworkMoniker = ".NETFramework,Version%3Dv4.0"
		Debug.AspNetCompiler.VirtualPath = "/localhost_65327"
		Debug.AspNetCompiler.PhysicalPath = "WebUI\"
		Debug.AspNetCompiler.TargetPath = "PrecompiledWeb\localhost_65327\"
		Debug.AspNetCompiler.Updateable = "true"
		Debug.AspNetCompiler.ForceOverwrite = "true"
		Debug.AspNetCompiler.FixedNames = "false"
		Debug.AspNetCompiler.Debug = "True"
		Release.AspNetCompiler.VirtualPath = "/localhost_65327"
		Release.AspNetCompiler.PhysicalPath = "WebUI\"
		Release.AspNetCompiler.TargetPath = "PrecompiledWeb\localhost_65327\"
		Release.AspNetCompiler.Updateable = "true"
		Release.AspNetCompiler.ForceOverwrite = "true"
		Release.AspNetCompiler.FixedNames = "false"
		Release.AspNetCompiler.Debug = "False"
		VWDPort = "65327"
	EndProjectSection
EndProject
Global
	GlobalSection(SolutionConfigurationPlatforms) = preSolution
		Debug|Any CPU = Debug|Any CPU
		Publish|Any CPU = Publish|Any CPU
		Release|Any CPU = Release|Any CPU
	EndGlobalSection
	GlobalSection(ProjectConfigurationPlatforms) = postSolution
		{8BA63974-7706-46A9-93B3-CB57905036F2}.Debug|Any CPU.ActiveCfg = Debug|Any CPU
		{8BA63974-7706-46A9-93B3-CB57905036F2}.Debug|Any CPU.Build.0 = Debug|Any CPU
		{8BA63974-7706-46A9-93B3-CB57905036F2}.Publish|Any CPU.ActiveCfg = Release|Any CPU
		{8BA63974-7706-46A9-93B3-CB57905036F2}.Publish|Any CPU.Build.0 = Release|Any CPU
		{8BA63974-7706-46A9-93B3-CB57905036F2}.Release|Any CPU.ActiveCfg = Release|Any CPU
		{8BA63974-7706-46A9-93B3-CB57905036F2}.Release|Any CPU.Build.0 = Release|Any CPU
		{1CBF8BEF-BF85-4B7B-A053-1EC2EBBC17A4}.Debug|Any CPU.ActiveCfg = Debug|Any CPU
		{1CBF8BEF-BF85-4B7B-A053-1EC2EBBC17A4}.Debug|Any CPU.Build.0 = Debug|Any CPU
		{1CBF8BEF-BF85-4B7B-A053-1EC2EBBC17A4}.Publish|Any CPU.ActiveCfg = Release|Any CPU
		{1CBF8BEF-BF85-4B7B-A053-1EC2EBBC17A4}.Publish|Any CPU.Build.0 = Release|Any CPU
		{1CBF8BEF-BF85-4B7B-A053-1EC2EBBC17A4}.Release|Any CPU.ActiveCfg = Release|Any CPU
		{1CBF8BEF-BF85-4B7B-A053-1EC2EBBC17A4}.Release|Any CPU.Build.0 = Release|Any CPU
		{53EB58F2-70D8-4214-9345-1FB8AD43099A}.Debug|Any CPU.ActiveCfg = Debug|Any CPU
		{53EB58F2-70D8-4214-9345-1FB8AD43099A}.Debug|Any CPU.Build.0 = Debug|Any CPU
		{53EB58F2-70D8-4214-9345-1FB8AD43099A}.Publish|Any CPU.ActiveCfg = Debug|Any CPU
		{53EB58F2-70D8-4214-9345-1FB8AD43099A}.Publish|Any CPU.Build.0 = Debug|Any CPU
		{53EB58F2-70D8-4214-9345-1FB8AD43099A}.Release|Any CPU.ActiveCfg = Release|Any CPU
		{53EB58F2-70D8-4214-9345-1FB8AD43099A}.Release|Any CPU.Build.0 = Release|Any CPU
		{804B3203-B62A-48F3-94E7-77883EBDAEFA}.Debug|Any CPU.ActiveCfg = Debug|Any CPU
		{804B3203-B62A-48F3-94E7-77883EBDAEFA}.Debug|Any CPU.Build.0 = Debug|Any CPU
		{804B3203-B62A-48F3-94E7-77883EBDAEFA}.Publish|Any CPU.ActiveCfg = Debug|Any CPU
		{804B3203-B62A-48F3-94E7-77883EBDAEFA}.Publish|Any CPU.Build.0 = Debug|Any CPU
		{804B3203-B62A-48F3-94E7-77883EBDAEFA}.Release|Any CPU.ActiveCfg = Release|Any CPU
		{804B3203-B62A-48F3-94E7-77883EBDAEFA}.Release|Any CPU.Build.0 = Release|Any CPU
		{3FD492BC-7495-4BA3-AD71-71869C02421E}.Debug|Any CPU.ActiveCfg = Debug|Any CPU
		{3FD492BC-7495-4BA3-AD71-71869C02421E}.Debug|Any CPU.Build.0 = Debug|Any CPU
		{3FD492BC-7495-4BA3-AD71-71869C02421E}.Publish|Any CPU.ActiveCfg = Debug|Any CPU
		{3FD492BC-7495-4BA3-AD71-71869C02421E}.Publish|Any CPU.Build.0 = Debug|Any CPU
		{3FD492BC-7495-4BA3-AD71-71869C02421E}.Release|Any CPU.ActiveCfg = Release|Any CPU
		{3FD492BC-7495-4BA3-AD71-71869C02421E}.Release|Any CPU.Build.0 = Release|Any CPU
		{2134CAF8-9E2A-4442-9C31-AC8A5526AFBA}.Debug|Any CPU.ActiveCfg = Debug|Any CPU
		{2134CAF8-9E2A-4442-9C31-AC8A5526AFBA}.Debug|Any CPU.Build.0 = Debug|Any CPU
		{2134CAF8-9E2A-4442-9C31-AC8A5526AFBA}.Publish|Any CPU.ActiveCfg = Debug|Any CPU
		{2134CAF8-9E2A-4442-9C31-AC8A5526AFBA}.Publish|Any CPU.Build.0 = Debug|Any CPU
		{2134CAF8-9E2A-4442-9C31-AC8A5526AFBA}.Release|Any CPU.ActiveCfg = Debug|Any CPU
		{2134CAF8-9E2A-4442-9C31-AC8A5526AFBA}.Release|Any CPU.Build.0 = Debug|Any CPU
	EndGlobalSection
	GlobalSection(SolutionProperties) = preSolution
		HideSolutionNode = FALSE
	EndGlobalSection
	GlobalSection(ExtensibilityGlobals) = postSolution
		SolutionGuid = {300E9757-1085-4007-AACA-A99ECF0B1DF7}
	EndGlobalSection
EndGlobal
