
Microsoft Visual Studio Solution File, Format Version 12.00
# Visual Studio 15
VisualStudioVersion = 15.0.26608.5
MinimumVisualStudioVersion = 10.0.40219.1
Project("{9A19103F-16F7-4668-BE54-9A1E7A4F7556}") = "DemoPayments", "DemoPayments\DemoPayments.csproj", "{8BA63974-7706-46A9-93B3-CB57905036F2}"
EndProject
Project("{E53339B2-1760-4266-BCC7-CA923CBCF16C}") = "docker-compose", "docker-compose.dcproj", "{1CBF8BEF-BF85-4B7B-A053-1EC2EBBC17A4}"
EndProject
Project("{9A19103F-16F7-4668-BE54-9A1E7A4F7556}") = "CQRS", "..\CQRS\CQRS.csproj", "{B468CC20-5573-4C34-AE93-9FB462EBF6AA}"
EndProject
Global
	GlobalSection(SolutionConfigurationPlatforms) = preSolution
		Debug|Any CPU = Debug|Any CPU
		Publish|Any CPU = Publish|Any CPU
		Release|Any CPU = Release|Any CPU
	EndGlobalSection
	GlobalSection(ProjectConfigurationPlatforms) = postSolution
		{8BA63974-7706-46A9-93B3-CB57905036F2}.Debug|Any CPU.ActiveCfg = Debug|Any CPU
		{8BA63974-7706-46A9-93B3-CB57905036F2}.Debug|Any CPU.Build.0 = Debug|Any CPU
		{8BA63974-7706-46A9-93B3-CB57905036F2}.Publish|Any CPU.ActiveCfg = Release|Any CPU
		{8BA63974-7706-46A9-93B3-CB57905036F2}.Publish|Any CPU.Build.0 = Release|Any CPU
		{8BA63974-7706-46A9-93B3-CB57905036F2}.Release|Any CPU.ActiveCfg = Release|Any CPU
		{8BA63974-7706-46A9-93B3-CB57905036F2}.Release|Any CPU.Build.0 = Release|Any CPU
		{1CBF8BEF-BF85-4B7B-A053-1EC2EBBC17A4}.Debug|Any CPU.ActiveCfg = Debug|Any CPU
		{1CBF8BEF-BF85-4B7B-A053-1EC2EBBC17A4}.Debug|Any CPU.Build.0 = Debug|Any CPU
		{1CBF8BEF-BF85-4B7B-A053-1EC2EBBC17A4}.Publish|Any CPU.ActiveCfg = Release|Any CPU
		{1CBF8BEF-BF85-4B7B-A053-1EC2EBBC17A4}.Publish|Any CPU.Build.0 = Release|Any CPU
		{1CBF8BEF-BF85-4B7B-A053-1EC2EBBC17A4}.Release|Any CPU.ActiveCfg = Release|Any CPU
		{1CBF8BEF-BF85-4B7B-A053-1EC2EBBC17A4}.Release|Any CPU.Build.0 = Release|Any CPU
		{B468CC20-5573-4C34-AE93-9FB462EBF6AA}.Debug|Any CPU.ActiveCfg = Debug|Any CPU
		{B468CC20-5573-4C34-AE93-9FB462EBF6AA}.Debug|Any CPU.Build.0 = Debug|Any CPU
		{B468CC20-5573-4C34-AE93-9FB462EBF6AA}.Publish|Any CPU.ActiveCfg = Debug|Any CPU
		{B468CC20-5573-4C34-AE93-9FB462EBF6AA}.Publish|Any CPU.Build.0 = Debug|Any CPU
		{B468CC20-5573-4C34-AE93-9FB462EBF6AA}.Release|Any CPU.ActiveCfg = Release|Any CPU
		{B468CC20-5573-4C34-AE93-9FB462EBF6AA}.Release|Any CPU.Build.0 = Release|Any CPU
	EndGlobalSection
	GlobalSection(SolutionProperties) = preSolution
		HideSolutionNode = FALSE
	EndGlobalSection
EndGlobal
